
Microsoft Visual Studio Solution File, Format Version 12.00
# Visual Studio 15
VisualStudioVersion = 15.0.27004.2009
MinimumVisualStudioVersion = 10.0.40219.1
Project("{FAE04EC0-301F-11D3-BF4B-00C04F79EFBC}") = "Asteroids", "Asteroids\Asteroids.csproj", "{404F3699-0D34-4C8B-8D23-EC367E0A5ED5}"
EndProject
Global
	GlobalSection(SolutionConfigurationPlatforms) = preSolution
		Debug|Any CPU = Debug|Any CPU
		Release|Any CPU = Release|Any CPU
	EndGlobalSection
	GlobalSection(ProjectConfigurationPlatforms) = postSolution
		{404F3699-0D34-4C8B-8D23-EC367E0A5ED5}.Debug|Any CPU.ActiveCfg = Debug|Any CPU
		{404F3699-0D34-4C8B-8D23-EC367E0A5ED5}.Debug|Any CPU.Build.0 = Debug|Any CPU
		{404F3699-0D34-4C8B-8D23-EC367E0A5ED5}.Release|Any CPU.ActiveCfg = Release|Any CPU
		{404F3699-0D34-4C8B-8D23-EC367E0A5ED5}.Release|Any CPU.Build.0 = Release|Any CPU
	EndGlobalSection
	GlobalSection(SolutionProperties) = preSolution
		HideSolutionNode = FALSE
	EndGlobalSection
	GlobalSection(ExtensibilityGlobals) = postSolution
		SolutionGuid = {BB0B1687-4400-4128-AFC9-89026523BA68}
	EndGlobalSection
EndGlobal
